PODS:
  - Capacitor (1.0.0-alpha.32):
    - CapacitorCordova (= 1.0.0-alpha.32)
    - GCDWebServer (~> 3.0)
  - CapacitorCordova (1.0.0-alpha.32)
  - GCDWebServer (3.4.2):
    - GCDWebServer/Core (= 3.4.2)
  - GCDWebServer/Core (3.4.2)

DEPENDENCIES:
  - "Capacitor (from `../../node_modules/@capacitor/ios`)"
  - "CapacitorCordova (from `../../node_modules/@capacitor/ios`)"

SPEC REPOS:
  https://github.com/CocoaPods/Specs.git:
    - GCDWebServer

EXTERNAL SOURCES:
  Capacitor:
    :path: "../../node_modules/@capacitor/ios"
  CapacitorCordova:
    :path: "../../node_modules/@capacitor/ios"

SPEC CHECKSUMS:
  Capacitor: 051bf12e26fff0abba77dd5d726780fb20280971
  CapacitorCordova: 566dc268fb81d55d9b3295c264edda7fd176a5ae
  GCDWebServer: 8d67ee9f634b4bb91eb4b8aee440318a5fc6debd

PODFILE CHECKSUM: a5dc06e87ff3b8bbf83133fb8127477ae8cc368f

COCOAPODS: 1.5.0
